
Microsoft Visual Studio Solution File, Format Version 12.00
# Visual Studio 14
VisualStudioVersion = 14.0.25420.1
MinimumVisualStudioVersion = 10.0.40219.1
Project("{FAE04EC0-301F-11D3-BF4B-00C04F79EFBC}") = "BooksAPI-Application", "BooksAPI-Application\BooksAPI-Application.csproj", "{428BCCA3-14AF-452C-9F75-26C06504A7F5}"
EndProject
Project("{2150E333-8FDC-42A3-9474-1A3956D46DE8}") = "Solution Items", "Solution Items", "{AFD2EE11-BB2C-497E-A3D2-2CC51065DD4F}"
EndProject
Global
	GlobalSection(SolutionConfigurationPlatforms) = preSolution
		Debug|Any CPU = Debug|Any CPU
		Release|Any CPU = Release|Any CPU
	EndGlobalSection
	GlobalSection(ProjectConfigurationPlatforms) = postSolution
		{428BCCA3-14AF-452C-9F75-26C06504A7F5}.Debug|Any CPU.ActiveCfg = Debug|Any CPU
		{428BCCA3-14AF-452C-9F75-26C06504A7F5}.Debug|Any CPU.Build.0 = Debug|Any CPU
		{428BCCA3-14AF-452C-9F75-26C06504A7F5}.Release|Any CPU.ActiveCfg = Release|Any CPU
		{428BCCA3-14AF-452C-9F75-26C06504A7F5}.Release|Any CPU.Build.0 = Release|Any CPU
	EndGlobalSection
	GlobalSection(SolutionProperties) = preSolution
		HideSolutionNode = FALSE
	EndGlobalSection
EndGlobal
